
Microsoft Visual Studio Solution File, Format Version 12.00
# Visual Studio Version 16
VisualStudioVersion = 16.0.31515.178
MinimumVisualStudioVersion = 10.0.40219.1
Project("{9A19103F-16F7-4668-BE54-9A1E7A4F7556}") = "Robots", "Robots\Robots.csproj", "{5F2A140E-8279-429C-9B39-9C840100EC41}"
EndProject
Project("{9A19103F-16F7-4668-BE54-9A1E7A4F7556}") = "FaceLaserTesting", "FaceLaserTesting\FaceLaserTesting.csproj", "{BB9D331B-8547-465E-9D65-A7E166A92B2E}"
EndProject
Global
	GlobalSection(SolutionConfigurationPlatforms) = preSolution
		Debug|Any CPU = Debug|Any CPU
		Release|Any CPU = Release|Any CPU
	EndGlobalSection
	GlobalSection(ProjectConfigurationPlatforms) = postSolution
		{5F2A140E-8279-429C-9B39-9C840100EC41}.Debug|Any CPU.ActiveCfg = Debug|Any CPU
		{5F2A140E-8279-429C-9B39-9C840100EC41}.Debug|Any CPU.Build.0 = Debug|Any CPU
		{5F2A140E-8279-429C-9B39-9C840100EC41}.Release|Any CPU.ActiveCfg = Release|Any CPU
		{5F2A140E-8279-429C-9B39-9C840100EC41}.Release|Any CPU.Build.0 = Release|Any CPU
		{BB9D331B-8547-465E-9D65-A7E166A92B2E}.Debug|Any CPU.ActiveCfg = Debug|Any CPU
		{BB9D331B-8547-465E-9D65-A7E166A92B2E}.Debug|Any CPU.Build.0 = Debug|Any CPU
		{BB9D331B-8547-465E-9D65-A7E166A92B2E}.Release|Any CPU.ActiveCfg = Release|Any CPU
		{BB9D331B-8547-465E-9D65-A7E166A92B2E}.Release|Any CPU.Build.0 = Release|Any CPU
	EndGlobalSection
	GlobalSection(SolutionProperties) = preSolution
		HideSolutionNode = FALSE
	EndGlobalSection
	GlobalSection(ExtensibilityGlobals) = postSolution
		SolutionGuid = {213A4C31-5F9A-41DC-9F44-5F653DA67469}
	EndGlobalSection
EndGlobal
